
Microsoft Visual Studio Solution File, Format Version 12.00
# Visual Studio Version 17
VisualStudioVersion = 17.14.36414.22 d17.14
MinimumVisualStudioVersion = 10.0.40219.1
Project("{FAE04EC0-301F-11D3-BF4B-00C04F79EFBC}") = "AstronomicalProcessing", "AstronomicalProcessing\AstronomicalProcessing.csproj", "{97A1CD20-3B78-4EAC-989B-67E553E61738}"
EndProject
Global
	GlobalSection(SolutionConfigurationPlatforms) = preSolution
		Debug|Any CPU = Debug|Any CPU
		Release|Any CPU = Release|Any CPU
	EndGlobalSection
	GlobalSection(ProjectConfigurationPlatforms) = postSolution
		{97A1CD20-3B78-4EAC-989B-67E553E61738}.Debug|Any CPU.ActiveCfg = Debug|Any CPU
		{97A1CD20-3B78-4EAC-989B-67E553E61738}.Debug|Any CPU.Build.0 = Debug|Any CPU
		{97A1CD20-3B78-4EAC-989B-67E553E61738}.Release|Any CPU.ActiveCfg = Release|Any CPU
		{97A1CD20-3B78-4EAC-989B-67E553E61738}.Release|Any CPU.Build.0 = Release|Any CPU
	EndGlobalSection
	GlobalSection(SolutionProperties) = preSolution
		HideSolutionNode = FALSE
	EndGlobalSection
	GlobalSection(ExtensibilityGlobals) = postSolution
		SolutionGuid = {F26120BF-FFCC-4566-8DA9-5B6C6E9123FF}
	EndGlobalSection
EndGlobal
